{
  "pins" : [
    {
      "identity" : "abseil-cpp-binary",
      "kind" : "remoteSourceControl",
      "location" : "https://github.com/google/abseil-cpp-binary.git",
      "state" : {
        "revision" : "a5f16ba68913840ee5df91b8dc06f5cc063579de",
        "version" : "1.2021110200.0"
      }
    },
    {
      "identity" : "alamofire",
      "kind" : "remoteSourceControl",
      "location" : "https://github.com/Alamofire/Alamofire.git",
      "state" : {
        "revision" : "bc268c28fb170f494de9e9927c371b8342979ece",
        "version" : "5.7.1"
      }
    },
    {
      "identity" : "firebase-ios-sdk",
      "kind" : "remoteSourceControl",
      "location" : "https://github.com/firebase/firebase-ios-sdk",
      "state" : {
        "revision" : "4961c0b7eb5d794e47a58dbfdd258b4beca4263a",
        "version" : "10.9.0"
      }
    },
    {
      "identity" : "flowstacklayout",
      "kind" : "remoteSourceControl",
      "location" : "https://github.com/smyshlaevalex/FlowStackLayout.git",
      "state" : {
        "revision" : "4bbab09c49b53b8e07c3d17837da33a357f6be7e",
        "version" : "1.0.1"
      }
    },
    {
      "identity" : "googleappmeasurement",
      "kind" : "remoteSourceControl",
      "location" : "https://github.com/google/GoogleAppMeasurement.git",
      "state" : {
        "revision" : "9209b95a2593985569918e5e5ee2bf4ef8ff3640",
        "version" : "10.9.0"
      }
    },
    {
      "identity" : "googledatatransport",
      "kind" : "remoteSourceControl",
      "location" : "https://github.com/google/GoogleDataTransport.git",
      "state" : {
        "revision" : "7874c1b48cbffd086ce8a052c4be873a78613775",
        "version" : "9.2.3"
      }
    },
    {
      "identity" : "googleutilities",
      "kind" : "remoteSourceControl",
      "location" : "https://github.com/google/GoogleUtilities.git",
      "state" : {
        "revision" : "871d43135925cde39ef7421d8723ce47edfdcc39",
        "version" : "7.11.1"
      }
    },
    {
      "identity" : "grdb.swift",
      "kind" : "remoteSourceControl",
      "location" : "https://github.com/groue/GRDB.swift.git",
      "state" : {
        "revision" : "57aa4c30bfa0fe6a1913f83042937c4fb943e79c",
        "version" : "6.15.0"
      }
    },
    {
      "identity" : "grpc-binary",
      "kind" : "remoteSourceControl",
      "location" : "https://github.com/google/grpc-binary.git",
      "state" : {
        "revision" : "df37f6af8a273bc687e3166843ed86007de57d78",
        "version" : "1.44.0"
      }
    },
    {
      "identity" : "gtm-session-fetcher",
      "kind" : "remoteSourceControl",
      "location" : "https://github.com/google/gtm-session-fetcher.git",
      "state" : {
        "revision" : "d415594121c9e8a4f9d79cecee0965cf35e74dbd",
        "version" : "3.1.1"
      }
    },
    {
      "identity" : "jwtdecode.swift",
      "kind" : "remoteSourceControl",
      "location" : "https://github.com/auth0/JWTDecode.swift",
      "state" : {
        "revision" : "7918a343e674c7707e0be120bb4e21d679be014c",
        "version" : "3.0.1"
      }
    },
    {
      "identity" : "leveldb",
      "kind" : "remoteSourceControl",
      "location" : "https://github.com/firebase/leveldb.git",
      "state" : {
        "revision" : "0706abcc6b0bd9cedfbb015ba840e4a780b5159b",
        "version" : "1.22.2"
      }
    },
    {
      "identity" : "lrucache",
      "kind" : "remoteSourceControl",
      "location" : "https://github.com/nicklockwood/LRUCache.git",
      "state" : {
        "revision" : "6d2b5246c9c98dcd498552bb22f08d55b12a8371",
        "version" : "1.0.4"
      }
    },
    {
      "identity" : "nanopb",
      "kind" : "remoteSourceControl",
      "location" : "https://github.com/firebase/nanopb.git",
      "state" : {
        "revision" : "819d0a2173aff699fb8c364b6fb906f7cdb1a692",
        "version" : "2.30909.0"
      }
    },
    {
      "identity" : "needle",
      "kind" : "remoteSourceControl",
      "location" : "https://github.com/uber/needle.git",
      "state" : {
        "revision" : "2f2856d4fbe8f8828ebda86e69960007f5577f37",
        "version" : "0.23.0"
      }
    },
    {
      "identity" : "promises",
      "kind" : "remoteSourceControl",
      "location" : "https://github.com/google/promises.git",
      "state" : {
        "revision" : "ec957ccddbcc710ccc64c9dcbd4c7006fcf8b73a",
        "version" : "2.2.0"
      }
    },
    {
      "identity" : "svgview",
      "kind" : "remoteSourceControl",
      "location" : "https://github.com/exyte/SVGView.git",
      "state" : {
        "revision" : "18bf73efc2f2dede5dfa73f517ddf4e054061294",
        "version" : "1.0.4"
      }
    },
    {
      "identity" : "swift-atomics",
      "kind" : "remoteSourceControl",
      "location" : "https://github.com/apple/swift-atomics.git",
      "state" : {
        "revision" : "6c89474e62719ddcc1e9614989fff2f68208fe10",
        "version" : "1.1.0"
      }
    },
    {
      "identity" : "swift-protobuf",
      "kind" : "remoteSourceControl",
      "location" : "https://github.com/apple/swift-protobuf.git",
      "state" : {
        "revision" : "0af9125c4eae12a4973fb66574c53a54962a9e1e",
        "version" : "1.21.0"
      }
    },
    {
      "identity" : "testablecombinepublishers",
      "kind" : "remoteSourceControl",
      "location" : "https://github.com/albertbori/TestableCombinePublishers.git",
      "state" : {
        "revision" : "38d345b6097171afa226d96ff3e213bd139c1c8c",
        "version" : "1.2.0"
      }
    }
  ],
  "version" : 2
}
