PODS:
  - GooglePlaces (8.0.0)

DEPENDENCIES:
  - GooglePlaces (= 8.0.0)

SPEC REPOS:
  https://github.com/CocoaPods/Specs.git:
    - GooglePlaces

SPEC CHECKSUMS:
  GooglePlaces: 46231f49e2dc52aa9a604f99e2e6b29996f30cc7

PODFILE CHECKSUM: c480f2a2ec885e5a47d085a857091e34e39e62ed

COCOAPODS: 1.11.2
