PODS:
  - GooglePlaces (9.0.0)

DEPENDENCIES:
  - GooglePlaces (= 9.0.0)

SPEC REPOS:
  https://github.com/CocoaPods/Specs.git:
    - GooglePlaces

SPEC CHECKSUMS:
  GooglePlaces: cf1f5b61297da7ac64bcb147cfa7b435d74ed6d9

PODFILE CHECKSUM: cb9b9d4519ae8cbfd776d9f86a5e638397957682

COCOAPODS: 1.11.2
