// !$*UTF8*$!
{
	archiveVersion = 1;
	classes = {
	};
	objectVersion = 54;
	objects = {

/* Begin PBXBuildFile section */
		4E0CCEEC2A1966EE00EC6906 /* AppSettings.swift in Sources */ = {isa = PBXBuildFile; fileRef = 4E0CCEEB2A1966EE00EC6906 /* AppSettings.swift */; };
		4E0CCEF52A196D4F00EC6906 /* AppBuildEnv.swift in Sources */ = {isa = PBXBuildFile; fileRef = 4E0CCEF42A196D4F00EC6906 /* AppBuildEnv.swift */; };
		4E0CCEF92A1970E200EC6906 /* ConfigProperties.swift in Sources */ = {isa = PBXBuildFile; fileRef = 4E0CCEF82A1970E200EC6906 /* ConfigProperties.swift */; };
		4E0CCF032A19889B00EC6906 /* FirebaseCrashlytics in Frameworks */ = {isa = PBXBuildFile; productRef = 4E0CCF022A19889B00EC6906 /* FirebaseCrashlytics */; };
		4E0CCF052A19889B00EC6906 /* FirebasePerformance in Frameworks */ = {isa = PBXBuildFile; productRef = 4E0CCF042A19889B00EC6906 /* FirebasePerformance */; };
		4E0CCF082A1989FB00EC6906 /* AppLoggerProvider.swift in Sources */ = {isa = PBXBuildFile; fileRef = 4E0CCF072A1989FB00EC6906 /* AppLoggerProvider.swift */; };
		4E2637D72B1E47380064424E /* Release-auConfig.xcconfig in Resources */ = {isa = PBXBuildFile; fileRef = 4E2637D62B1E47380064424E /* Release-auConfig.xcconfig */; };
		4E2637D92B1E48530064424E /* GoogleService-Info-release-au.plist in Resources */ = {isa = PBXBuildFile; fileRef = 4E2637D82B1E48530064424E /* GoogleService-Info-release-au.plist */; };
		4E342A4D2A7A0CA600B55713 /* AppFont.swift in Sources */ = {isa = PBXBuildFile; fileRef = 4E342A4C2A7A0CA600B55713 /* AppFont.swift */; };
		4E342A4F2A7A0F2600B55713 /* FontBlaster.swift in Sources */ = {isa = PBXBuildFile; fileRef = 4E342A4E2A7A0F2600B55713 /* FontBlaster.swift */; };
		4E342A592A7A1B4C00B55713 /* NunitoSans_10pt-Bold.ttf in Resources */ = {isa = PBXBuildFile; fileRef = 4E342A572A7A1AA600B55713 /* NunitoSans_10pt-Bold.ttf */; };
		4E342A5A2A7A1B4C00B55713 /* NunitoSans_10pt-Italic.ttf in Resources */ = {isa = PBXBuildFile; fileRef = 4E342A582A7A1B4800B55713 /* NunitoSans_10pt-Italic.ttf */; };
		4E342A5B2A7A1B4C00B55713 /* NunitoSans_10pt-Regular.ttf in Resources */ = {isa = PBXBuildFile; fileRef = 4E342A552A7A1AA600B55713 /* NunitoSans_10pt-Regular.ttf */; };
		4E342A5C2A7A1B4C00B55713 /* NunitoSans_10pt-Light.ttf in Resources */ = {isa = PBXBuildFile; fileRef = 4E342A542A7A1AA600B55713 /* NunitoSans_10pt-Light.ttf */; };
		4E46478A29EEE23B0062147F /* CrisisCleanupApp.swift in Sources */ = {isa = PBXBuildFile; fileRef = 4E46478929EEE23B0062147F /* CrisisCleanupApp.swift */; };
		4E46478E29EEE23D0062147F /* Assets.xcassets in Resources */ = {isa = PBXBuildFile; fileRef = 4E46478D29EEE23D0062147F /* Assets.xcassets */; };
		4E46479229EEE23D0062147F /* Preview Assets.xcassets in Resources */ = {isa = PBXBuildFile; fileRef = 4E46479129EEE23D0062147F /* Preview Assets.xcassets */; };
		4E46479C29EEE23E0062147F /* AppTests.swift in Sources */ = {isa = PBXBuildFile; fileRef = 4E46479B29EEE23E0062147F /* AppTests.swift */; };
		4E4647A629EEE23E0062147F /* AppUITests.swift in Sources */ = {isa = PBXBuildFile; fileRef = 4E4647A529EEE23E0062147F /* AppUITests.swift */; };
		4E4647A829EEE23E0062147F /* AppUITestsLaunchTests.swift in Sources */ = {isa = PBXBuildFile; fileRef = 4E4647A729EEE23E0062147F /* AppUITestsLaunchTests.swift */; };
		4E4975C22A4E266000EEC7A2 /* LerpGrayscaleToColorKernel.ci.metal in Sources */ = {isa = PBXBuildFile; fileRef = 4E4975C12A4E266000EEC7A2 /* LerpGrayscaleToColorKernel.ci.metal */; };
		4E4B06452A84037F000CD2EB /* InfoPlist.strings in Resources */ = {isa = PBXBuildFile; fileRef = 4E4B06432A84037F000CD2EB /* InfoPlist.strings */; };
		4E59A32F2A117606006F2130 /* Localizable.strings in Resources */ = {isa = PBXBuildFile; fileRef = 4E59A3312A117606006F2130 /* Localizable.strings */; };
		4E646A002A1916BB009148E0 /* NeedleGenerated.swift in Sources */ = {isa = PBXBuildFile; fileRef = 4E6469FF2A1916BB009148E0 /* NeedleGenerated.swift */; };
		4E70C5392A69F89500A6C59B /* GooglePlaceAddressSearchRepository.swift in Sources */ = {isa = PBXBuildFile; fileRef = 4E70C5382A69F89500A6C59B /* GooglePlaceAddressSearchRepository.swift */; };
		4E70C53B2A6A1BE300A6C59B /* Address+Extension.swift in Sources */ = {isa = PBXBuildFile; fileRef = 4E70C53A2A6A1BE300A6C59B /* Address+Extension.swift */; };
		4E75623E2A117E140029D5D7 /* CrisisCleanup in Frameworks */ = {isa = PBXBuildFile; productRef = 4E75623D2A117E140029D5D7 /* CrisisCleanup */; };
		4EBFB44A2A1910A800DA7C84 /* NeedleFoundation in Frameworks */ = {isa = PBXBuildFile; productRef = 4EBFB4492A1910A800DA7C84 /* NeedleFoundation */; };
		4ECCE0C62AC37A2400D91463 /* ExternalActivityProcessor.swift in Sources */ = {isa = PBXBuildFile; fileRef = 4ECCE0C52AC37A2400D91463 /* ExternalActivityProcessor.swift */; };
		4ECCE0C82AC37D7000D91463 /* CrisisCleanupExternalEventBus.swift in Sources */ = {isa = PBXBuildFile; fileRef = 4ECCE0C72AC37D7000D91463 /* CrisisCleanupExternalEventBus.swift */; };
		4ED625932A25160800C33EAB /* GoogleService-Info.plist in Resources */ = {isa = PBXBuildFile; fileRef = 4ED6258B2A25160800C33EAB /* GoogleService-Info.plist */; };
		4ED625982A25160800C33EAB /* AppConfig.xcconfig in Resources */ = {isa = PBXBuildFile; fileRef = 4ED625902A25160800C33EAB /* AppConfig.xcconfig */; };
		76987D8F5B746271B9E27921 /* libPods-App.a in Frameworks */ = {isa = PBXBuildFile; fileRef = 2CA36A2AD3270023312528C3 /* libPods-App.a */; };
/* End PBXBuildFile section */

/* Begin PBXBuildRule section */
		4E4975BE2A4E227C00EEC7A2 /* PBXBuildRule */ = {
			isa = PBXBuildRule;
			compilerSpec = com.apple.compilers.proxy.script;
			filePatterns = "*.ci.metal";
			fileType = pattern.proxy;
			inputFiles = (
			);
			isEditable = 1;
			outputFiles = (
				"$(DERIVED_FILE_DIR)/${INPUT_FILE_BASE}.air",
			);
			runOncePerArchitecture = 0;
			script = "# https://www.kodeco.com/25658084-core-image-tutorial-for-ios-custom-filters\nxcrun metal -c -fcikernel \"${INPUT_FILE_PATH}\" \\\n  -o \"${SCRIPT_OUTPUT_FILE_0}\"\n";
		};
		4E4975BF2A4E22C000EEC7A2 /* PBXBuildRule */ = {
			isa = PBXBuildRule;
			compilerSpec = com.apple.compilers.proxy.script;
			filePatterns = "*.ci.air";
			fileType = pattern.proxy;
			inputFiles = (
			);
			isEditable = 1;
			outputFiles = (
				"$(METAL_LIBRARY_OUTPUT_DIR)/$(INPUT_FILE_BASE).metallib",
			);
			runOncePerArchitecture = 0;
			script = "# https://www.kodeco.com/25658084-core-image-tutorial-for-ios-custom-filters\nxcrun metallib -cikernel \"${INPUT_FILE_PATH}\" -o \"${SCRIPT_OUTPUT_FILE_0}\"\n";
		};
/* End PBXBuildRule section */

/* Begin PBXContainerItemProxy section */
		4E46479829EEE23E0062147F /* PBXContainerItemProxy */ = {
			isa = PBXContainerItemProxy;
			containerPortal = 4E46477E29EEE23B0062147F /* Project object */;
			proxyType = 1;
			remoteGlobalIDString = 4E46478529EEE23B0062147F;
			remoteInfo = App;
		};
		4E4647A229EEE23E0062147F /* PBXContainerItemProxy */ = {
			isa = PBXContainerItemProxy;
			containerPortal = 4E46477E29EEE23B0062147F /* Project object */;
			proxyType = 1;
			remoteGlobalIDString = 4E46478529EEE23B0062147F;
			remoteInfo = App;
		};
/* End PBXContainerItemProxy section */

/* Begin PBXFileReference section */
		0760C4A36014EDF906435725 /* Pods-App.staging.xcconfig */ = {isa = PBXFileReference; includeInIndex = 1; lastKnownFileType = text.xcconfig; name = "Pods-App.staging.xcconfig"; path = "../../Pods/Target Support Files/Pods-App/Pods-App.staging.xcconfig"; sourceTree = "<group>"; };
		07C7FE66F28D0CCBD1B23467 /* Pods-App.nonp.xcconfig */ = {isa = PBXFileReference; includeInIndex = 1; lastKnownFileType = text.xcconfig; name = "Pods-App.nonp.xcconfig"; path = "../../Pods/Target Support Files/Pods-App/Pods-App.nonp.xcconfig"; sourceTree = "<group>"; };
		2CA36A2AD3270023312528C3 /* libPods-App.a */ = {isa = PBXFileReference; explicitFileType = archive.ar; includeInIndex = 0; path = "libPods-App.a"; sourceTree = BUILT_PRODUCTS_DIR; };
		4E0CCEEB2A1966EE00EC6906 /* AppSettings.swift */ = {isa = PBXFileReference; lastKnownFileType = sourcecode.swift; path = AppSettings.swift; sourceTree = "<group>"; };
		4E0CCEF42A196D4F00EC6906 /* AppBuildEnv.swift */ = {isa = PBXFileReference; lastKnownFileType = sourcecode.swift; path = AppBuildEnv.swift; sourceTree = "<group>"; };
		4E0CCEF82A1970E200EC6906 /* ConfigProperties.swift */ = {isa = PBXFileReference; lastKnownFileType = sourcecode.swift; path = ConfigProperties.swift; sourceTree = "<group>"; };
		4E0CCF072A1989FB00EC6906 /* AppLoggerProvider.swift */ = {isa = PBXFileReference; lastKnownFileType = sourcecode.swift; path = AppLoggerProvider.swift; sourceTree = "<group>"; };
		4E2637D52B1E42750064424E /* AppRelease-au.entitlements */ = {isa = PBXFileReference; lastKnownFileType = text.plist.entitlements; path = "AppRelease-au.entitlements"; sourceTree = "<group>"; };
		4E2637D62B1E47380064424E /* Release-auConfig.xcconfig */ = {isa = PBXFileReference; lastKnownFileType = text.xcconfig; path = "Release-auConfig.xcconfig"; sourceTree = "<group>"; };
		4E2637D82B1E48530064424E /* GoogleService-Info-release-au.plist */ = {isa = PBXFileReference; fileEncoding = 4; lastKnownFileType = text.plist.xml; path = "GoogleService-Info-release-au.plist"; sourceTree = "<group>"; };
		4E342A4C2A7A0CA600B55713 /* AppFont.swift */ = {isa = PBXFileReference; lastKnownFileType = sourcecode.swift; path = AppFont.swift; sourceTree = "<group>"; };
		4E342A4E2A7A0F2600B55713 /* FontBlaster.swift */ = {isa = PBXFileReference; lastKnownFileType = sourcecode.swift; path = FontBlaster.swift; sourceTree = "<group>"; };
		4E342A542A7A1AA600B55713 /* NunitoSans_10pt-Light.ttf */ = {isa = PBXFileReference; lastKnownFileType = file; path = "NunitoSans_10pt-Light.ttf"; sourceTree = "<group>"; };
		4E342A552A7A1AA600B55713 /* NunitoSans_10pt-Regular.ttf */ = {isa = PBXFileReference; lastKnownFileType = file; path = "NunitoSans_10pt-Regular.ttf"; sourceTree = "<group>"; };
		4E342A572A7A1AA600B55713 /* NunitoSans_10pt-Bold.ttf */ = {isa = PBXFileReference; lastKnownFileType = file; path = "NunitoSans_10pt-Bold.ttf"; sourceTree = "<group>"; };
		4E342A582A7A1B4800B55713 /* NunitoSans_10pt-Italic.ttf */ = {isa = PBXFileReference; lastKnownFileType = file; path = "NunitoSans_10pt-Italic.ttf"; sourceTree = "<group>"; };
		4E46478629EEE23B0062147F /* App.app */ = {isa = PBXFileReference; explicitFileType = wrapper.application; includeInIndex = 0; path = App.app; sourceTree = BUILT_PRODUCTS_DIR; };
		4E46478929EEE23B0062147F /* CrisisCleanupApp.swift */ = {isa = PBXFileReference; lastKnownFileType = sourcecode.swift; path = CrisisCleanupApp.swift; sourceTree = "<group>"; };
		4E46478D29EEE23D0062147F /* Assets.xcassets */ = {isa = PBXFileReference; lastKnownFileType = folder.assetcatalog; path = Assets.xcassets; sourceTree = "<group>"; };
		4E46478F29EEE23D0062147F /* App.entitlements */ = {isa = PBXFileReference; lastKnownFileType = text.plist.entitlements; path = App.entitlements; sourceTree = "<group>"; };
		4E46479129EEE23D0062147F /* Preview Assets.xcassets */ = {isa = PBXFileReference; lastKnownFileType = folder.assetcatalog; path = "Preview Assets.xcassets"; sourceTree = "<group>"; };
		4E46479729EEE23E0062147F /* Tests.xctest */ = {isa = PBXFileReference; explicitFileType = wrapper.cfbundle; includeInIndex = 0; path = Tests.xctest; sourceTree = BUILT_PRODUCTS_DIR; };
		4E46479B29EEE23E0062147F /* AppTests.swift */ = {isa = PBXFileReference; lastKnownFileType = sourcecode.swift; path = AppTests.swift; sourceTree = "<group>"; };
		4E4647A129EEE23E0062147F /* UITests.xctest */ = {isa = PBXFileReference; explicitFileType = wrapper.cfbundle; includeInIndex = 0; path = UITests.xctest; sourceTree = BUILT_PRODUCTS_DIR; };
		4E4647A529EEE23E0062147F /* AppUITests.swift */ = {isa = PBXFileReference; lastKnownFileType = sourcecode.swift; path = AppUITests.swift; sourceTree = "<group>"; };
		4E4647A729EEE23E0062147F /* AppUITestsLaunchTests.swift */ = {isa = PBXFileReference; lastKnownFileType = sourcecode.swift; path = AppUITestsLaunchTests.swift; sourceTree = "<group>"; };
		4E4975C12A4E266000EEC7A2 /* LerpGrayscaleToColorKernel.ci.metal */ = {isa = PBXFileReference; fileEncoding = 4; lastKnownFileType = sourcecode.metal; path = LerpGrayscaleToColorKernel.ci.metal; sourceTree = "<group>"; };
		4E4B06442A84037F000CD2EB /* en */ = {isa = PBXFileReference; lastKnownFileType = text.plist.strings; name = en; path = en.lproj/InfoPlist.strings; sourceTree = "<group>"; };
		4E59A3302A117606006F2130 /* en */ = {isa = PBXFileReference; lastKnownFileType = text.plist.strings; name = en; path = en.lproj/Localizable.strings; sourceTree = "<group>"; };
		4E59A3322A117668006F2130 /* CrisisCleanup */ = {isa = PBXFileReference; lastKnownFileType = wrapper; name = CrisisCleanup; path = /Users/oc/project/cricle/ios/App/AppUITests/CrisisCleanup; sourceTree = "<absolute>"; };
		4E6469FF2A1916BB009148E0 /* NeedleGenerated.swift */ = {isa = PBXFileReference; fileEncoding = 4; lastKnownFileType = sourcecode.swift; path = NeedleGenerated.swift; sourceTree = "<group>"; };
		4E70C5382A69F89500A6C59B /* GooglePlaceAddressSearchRepository.swift */ = {isa = PBXFileReference; lastKnownFileType = sourcecode.swift; path = GooglePlaceAddressSearchRepository.swift; sourceTree = "<group>"; };
		4E70C53A2A6A1BE300A6C59B /* Address+Extension.swift */ = {isa = PBXFileReference; lastKnownFileType = sourcecode.swift; path = "Address+Extension.swift"; sourceTree = "<group>"; };
		4E75623B2A117A460029D5D7 /* CrisisCleanup */ = {isa = PBXFileReference; lastKnownFileType = wrapper; path = CrisisCleanup; sourceTree = "<group>"; };
		4ECCE0C52AC37A2400D91463 /* ExternalActivityProcessor.swift */ = {isa = PBXFileReference; lastKnownFileType = sourcecode.swift; path = ExternalActivityProcessor.swift; sourceTree = "<group>"; };
		4ECCE0C72AC37D7000D91463 /* CrisisCleanupExternalEventBus.swift */ = {isa = PBXFileReference; lastKnownFileType = sourcecode.swift; path = CrisisCleanupExternalEventBus.swift; sourceTree = "<group>"; };
		4ED625892A25160800C33EAB /* DebugConfig.xcconfig */ = {isa = PBXFileReference; fileEncoding = 4; lastKnownFileType = text.xcconfig; path = DebugConfig.xcconfig; sourceTree = "<group>"; };
		4ED6258A2A25160800C33EAB /* GoogleService-Info-release.plist */ = {isa = PBXFileReference; fileEncoding = 4; lastKnownFileType = text.plist.xml; path = "GoogleService-Info-release.plist"; sourceTree = "<group>"; };
		4ED6258B2A25160800C33EAB /* GoogleService-Info.plist */ = {isa = PBXFileReference; fileEncoding = 4; lastKnownFileType = text.plist.xml; path = "GoogleService-Info.plist"; sourceTree = "<group>"; };
		4ED6258C2A25160800C33EAB /* StagingConfig.xcconfig */ = {isa = PBXFileReference; fileEncoding = 4; lastKnownFileType = text.xcconfig; path = StagingConfig.xcconfig; sourceTree = "<group>"; };
		4ED6258D2A25160800C33EAB /* GoogleService-Info-debug.plist */ = {isa = PBXFileReference; fileEncoding = 4; lastKnownFileType = text.plist.xml; path = "GoogleService-Info-debug.plist"; sourceTree = "<group>"; };
		4ED6258E2A25160800C33EAB /* ReleaseConfig.xcconfig */ = {isa = PBXFileReference; fileEncoding = 4; lastKnownFileType = text.xcconfig; path = ReleaseConfig.xcconfig; sourceTree = "<group>"; };
		4ED6258F2A25160800C33EAB /* GoogleService-Info-staging.plist */ = {isa = PBXFileReference; fileEncoding = 4; lastKnownFileType = text.plist.xml; path = "GoogleService-Info-staging.plist"; sourceTree = "<group>"; };
		4ED625902A25160800C33EAB /* AppConfig.xcconfig */ = {isa = PBXFileReference; fileEncoding = 4; lastKnownFileType = text.xcconfig; path = AppConfig.xcconfig; sourceTree = "<group>"; };
		4EEC23D92B45F66C004C2DA1 /* AppDebug.entitlements */ = {isa = PBXFileReference; lastKnownFileType = text.plist.entitlements; path = AppDebug.entitlements; sourceTree = "<group>"; };
		4EEC23DA2B45F691004C2DA1 /* AppStaging.entitlements */ = {isa = PBXFileReference; lastKnownFileType = text.plist.entitlements; path = AppStaging.entitlements; sourceTree = "<group>"; };
		66A43D788AD300B2668BE9DD /* Pods-App.debug.xcconfig */ = {isa = PBXFileReference; includeInIndex = 1; lastKnownFileType = text.xcconfig; name = "Pods-App.debug.xcconfig"; path = "../../Pods/Target Support Files/Pods-App/Pods-App.debug.xcconfig"; sourceTree = "<group>"; };
		BD001814E75AB030A11B38B1 /* Pods-App.release.xcconfig */ = {isa = PBXFileReference; includeInIndex = 1; lastKnownFileType = text.xcconfig; name = "Pods-App.release.xcconfig"; path = "../../Pods/Target Support Files/Pods-App/Pods-App.release.xcconfig"; sourceTree = "<group>"; };
		BFF302A7DE276EB4D0EEE995 /* Pods-App.release-au.xcconfig */ = {isa = PBXFileReference; includeInIndex = 1; lastKnownFileType = text.xcconfig; name = "Pods-App.release-au.xcconfig"; path = "../../Pods/Target Support Files/Pods-App/Pods-App.release-au.xcconfig"; sourceTree = "<group>"; };
/* End PBXFileReference section */

/* Begin PBXFrameworksBuildPhase section */
		4E46478329EEE23B0062147F /* Frameworks */ = {
			isa = PBXFrameworksBuildPhase;
			buildActionMask = 2147483647;
			files = (
				4E0CCF032A19889B00EC6906 /* FirebaseCrashlytics in Frameworks */,
				4EBFB44A2A1910A800DA7C84 /* NeedleFoundation in Frameworks */,
				4E0CCF052A19889B00EC6906 /* FirebasePerformance in Frameworks */,
				4E75623E2A117E140029D5D7 /* CrisisCleanup in Frameworks */,
				76987D8F5B746271B9E27921 /* libPods-App.a in Frameworks */,
			);
			runOnlyForDeploymentPostprocessing = 0;
		};
		4E46479429EEE23E0062147F /* Frameworks */ = {
			isa = PBXFrameworksBuildPhase;
			buildActionMask = 2147483647;
			files = (
			);
			runOnlyForDeploymentPostprocessing = 0;
		};
		4E46479E29EEE23E0062147F /* Frameworks */ = {
			isa = PBXFrameworksBuildPhase;
			buildActionMask = 2147483647;
			files = (
			);
			runOnlyForDeploymentPostprocessing = 0;
		};
/* End PBXFrameworksBuildPhase section */

/* Begin PBXGroup section */
		4E0CCEED2A19679D00EC6906 /* Config */ = {
			isa = PBXGroup;
			children = (
				4ED625902A25160800C33EAB /* AppConfig.xcconfig */,
				4ED625892A25160800C33EAB /* DebugConfig.xcconfig */,
				4ED6258C2A25160800C33EAB /* StagingConfig.xcconfig */,
				4ED6258E2A25160800C33EAB /* ReleaseConfig.xcconfig */,
				4E2637D62B1E47380064424E /* Release-auConfig.xcconfig */,
				4ED6258B2A25160800C33EAB /* GoogleService-Info.plist */,
				4ED6258D2A25160800C33EAB /* GoogleService-Info-debug.plist */,
				4ED6258F2A25160800C33EAB /* GoogleService-Info-staging.plist */,
				4ED6258A2A25160800C33EAB /* GoogleService-Info-release.plist */,
				4E2637D82B1E48530064424E /* GoogleService-Info-release-au.plist */,
			);
			path = Config;
			sourceTree = "<group>";
		};
		4E342A432A7A0B6600B55713 /* Fonts */ = {
			isa = PBXGroup;
			children = (
				4E342A572A7A1AA600B55713 /* NunitoSans_10pt-Bold.ttf */,
				4E342A542A7A1AA600B55713 /* NunitoSans_10pt-Light.ttf */,
				4E342A552A7A1AA600B55713 /* NunitoSans_10pt-Regular.ttf */,
				4E342A582A7A1B4800B55713 /* NunitoSans_10pt-Italic.ttf */,
			);
			path = Fonts;
			sourceTree = "<group>";
		};
		4E46477D29EEE23B0062147F = {
			isa = PBXGroup;
			children = (
				4E342A432A7A0B6600B55713 /* Fonts */,
				4E59A3352A117993006F2130 /* Packages */,
				4E46478829EEE23B0062147F /* App */,
				4E46479A29EEE23E0062147F /* AppTests */,
				4E4647A429EEE23E0062147F /* AppUITests */,
				4E46478729EEE23B0062147F /* Products */,
				E232BBD330A96B345051B591 /* Pods */,
				F12F4FA31F133DE377D139D9 /* Frameworks */,
			);
			sourceTree = "<group>";
		};
		4E46478729EEE23B0062147F /* Products */ = {
			isa = PBXGroup;
			children = (
				4E46478629EEE23B0062147F /* App.app */,
				4E46479729EEE23E0062147F /* Tests.xctest */,
				4E4647A129EEE23E0062147F /* UITests.xctest */,
			);
			name = Products;
			sourceTree = "<group>";
		};
		4E46478829EEE23B0062147F /* App */ = {
			isa = PBXGroup;
			children = (
				4EEC23D92B45F66C004C2DA1 /* AppDebug.entitlements */,
				4EEC23DA2B45F691004C2DA1 /* AppStaging.entitlements */,
				4E46478F29EEE23D0062147F /* App.entitlements */,
				4E2637D52B1E42750064424E /* AppRelease-au.entitlements */,
				4E4975C02A4E264400EEC7A2 /* Filters */,
				4E0CCEED2A19679D00EC6906 /* Config */,
				4EBFB4502A19122100DA7C84 /* Sources */,
				4E46478929EEE23B0062147F /* CrisisCleanupApp.swift */,
				4E46478D29EEE23D0062147F /* Assets.xcassets */,
				4E46479029EEE23D0062147F /* Preview Content */,
				4E59A3312A117606006F2130 /* Localizable.strings */,
				4E4B06432A84037F000CD2EB /* InfoPlist.strings */,
			);
			path = App;
			sourceTree = "<group>";
		};
		4E46479029EEE23D0062147F /* Preview Content */ = {
			isa = PBXGroup;
			children = (
				4E46479129EEE23D0062147F /* Preview Assets.xcassets */,
			);
			path = "Preview Content";
			sourceTree = "<group>";
		};
		4E46479A29EEE23E0062147F /* AppTests */ = {
			isa = PBXGroup;
			children = (
				4E46479B29EEE23E0062147F /* AppTests.swift */,
			);
			path = AppTests;
			sourceTree = "<group>";
		};
		4E4647A429EEE23E0062147F /* AppUITests */ = {
			isa = PBXGroup;
			children = (
				4E59A3322A117668006F2130 /* CrisisCleanup */,
				4E4647A529EEE23E0062147F /* AppUITests.swift */,
				4E4647A729EEE23E0062147F /* AppUITestsLaunchTests.swift */,
			);
			path = AppUITests;
			sourceTree = "<group>";
		};
		4E4975C02A4E264400EEC7A2 /* Filters */ = {
			isa = PBXGroup;
			children = (
				4E4975C12A4E266000EEC7A2 /* LerpGrayscaleToColorKernel.ci.metal */,
			);
			path = Filters;
			sourceTree = "<group>";
		};
		4E59A3352A117993006F2130 /* Packages */ = {
			isa = PBXGroup;
			children = (
				4E75623B2A117A460029D5D7 /* CrisisCleanup */,
			);
			name = Packages;
			sourceTree = "<group>";
		};
		4E70C5352A69F87300A6C59B /* PlacesSearch */ = {
			isa = PBXGroup;
			children = (
				4E70C53A2A6A1BE300A6C59B /* Address+Extension.swift */,
				4E70C5382A69F89500A6C59B /* GooglePlaceAddressSearchRepository.swift */,
			);
			path = PlacesSearch;
			sourceTree = "<group>";
		};
		4EBFB4502A19122100DA7C84 /* Sources */ = {
			isa = PBXGroup;
			children = (
				4E70C5352A69F87300A6C59B /* PlacesSearch */,
				4E6469FF2A1916BB009148E0 /* NeedleGenerated.swift */,
				4E0CCEF42A196D4F00EC6906 /* AppBuildEnv.swift */,
				4E0CCF072A1989FB00EC6906 /* AppLoggerProvider.swift */,
				4E0CCEEB2A1966EE00EC6906 /* AppSettings.swift */,
				4E0CCEF82A1970E200EC6906 /* ConfigProperties.swift */,
				4E342A4C2A7A0CA600B55713 /* AppFont.swift */,
				4E342A4E2A7A0F2600B55713 /* FontBlaster.swift */,
				4ECCE0C52AC37A2400D91463 /* ExternalActivityProcessor.swift */,
				4ECCE0C72AC37D7000D91463 /* CrisisCleanupExternalEventBus.swift */,
			);
			path = Sources;
			sourceTree = "<group>";
		};
		E232BBD330A96B345051B591 /* Pods */ = {
			isa = PBXGroup;
			children = (
				66A43D788AD300B2668BE9DD /* Pods-App.debug.xcconfig */,
				BD001814E75AB030A11B38B1 /* Pods-App.release.xcconfig */,
				07C7FE66F28D0CCBD1B23467 /* Pods-App.nonp.xcconfig */,
				0760C4A36014EDF906435725 /* Pods-App.staging.xcconfig */,
				BFF302A7DE276EB4D0EEE995 /* Pods-App.release-au.xcconfig */,
			);
			path = Pods;
			sourceTree = "<group>";
		};
		F12F4FA31F133DE377D139D9 /* Frameworks */ = {
			isa = PBXGroup;
			children = (
				2CA36A2AD3270023312528C3 /* libPods-App.a */,
			);
			name = Frameworks;
			sourceTree = "<group>";
		};
/* End PBXGroup section */

/* Begin PBXNativeTarget section */
		4E46478529EEE23B0062147F /* App */ = {
			isa = PBXNativeTarget;
			buildConfigurationList = 4E4647AB29EEE23E0062147F /* Build configuration list for PBXNativeTarget "App" */;
			buildPhases = (
				2BAFC9D2ECA459B9A261A635 /* [CP] Check Pods Manifest.lock */,
				4E0CCEF32A196BBD00EC6906 /* Overwrite App Config */,
				4E0CCF0F2A19A77F00EC6906 /* Overwrite GoogleService-Info */,
				4EBFB44D2A1910D800DA7C84 /* Generate Needle Dependency Graph */,
				4E46478229EEE23B0062147F /* Sources */,
				4E46478429EEE23B0062147F /* Resources */,
				4E46478329EEE23B0062147F /* Frameworks */,
				4E0CCF062A1988F300EC6906 /* Process and Upload dSYMs */,
				9824052A939388FC40D7C4AA /* [CP] Copy Pods Resources */,
			);
			buildRules = (
				4E4975BF2A4E22C000EEC7A2 /* PBXBuildRule */,
				4E4975BE2A4E227C00EEC7A2 /* PBXBuildRule */,
			);
			dependencies = (
				4EBFB44C2A1910B100DA7C84 /* PBXTargetDependency */,
			);
			name = App;
			packageProductDependencies = (
				4E75623D2A117E140029D5D7 /* CrisisCleanup */,
				4EBFB4492A1910A800DA7C84 /* NeedleFoundation */,
				4E0CCF022A19889B00EC6906 /* FirebaseCrashlytics */,
				4E0CCF042A19889B00EC6906 /* FirebasePerformance */,
			);
			productName = App;
			productReference = 4E46478629EEE23B0062147F /* App.app */;
			productType = "com.apple.product-type.application";
		};
		4E46479629EEE23E0062147F /* Tests */ = {
			isa = PBXNativeTarget;
			buildConfigurationList = 4E4647AE29EEE23E0062147F /* Build configuration list for PBXNativeTarget "Tests" */;
			buildPhases = (
				4E46479329EEE23E0062147F /* Sources */,
				4E46479429EEE23E0062147F /* Frameworks */,
				4E46479529EEE23E0062147F /* Resources */,
			);
			buildRules = (
			);
			dependencies = (
				4E46479929EEE23E0062147F /* PBXTargetDependency */,
			);
			name = Tests;
			productName = AppTests;
			productReference = 4E46479729EEE23E0062147F /* Tests.xctest */;
			productType = "com.apple.product-type.bundle.unit-test";
		};
		4E4647A029EEE23E0062147F /* UITests */ = {
			isa = PBXNativeTarget;
			buildConfigurationList = 4E4647B129EEE23E0062147F /* Build configuration list for PBXNativeTarget "UITests" */;
			buildPhases = (
				4E46479D29EEE23E0062147F /* Sources */,
				4E46479E29EEE23E0062147F /* Frameworks */,
				4E46479F29EEE23E0062147F /* Resources */,
			);
			buildRules = (
			);
			dependencies = (
				4E4647A329EEE23E0062147F /* PBXTargetDependency */,
			);
			name = UITests;
			productName = AppUITests;
			productReference = 4E4647A129EEE23E0062147F /* UITests.xctest */;
			productType = "com.apple.product-type.bundle.ui-testing";
		};
/* End PBXNativeTarget section */

/* Begin PBXProject section */
		4E46477E29EEE23B0062147F /* Project object */ = {
			isa = PBXProject;
			attributes = {
				BuildIndependentTargetsInParallel = 1;
				LastSwiftUpdateCheck = 1430;
				LastUpgradeCheck = 1430;
				TargetAttributes = {
					4E46478529EEE23B0062147F = {
						CreatedOnToolsVersion = 14.3;
					};
					4E46479629EEE23E0062147F = {
						CreatedOnToolsVersion = 14.3;
						TestTargetID = 4E46478529EEE23B0062147F;
					};
					4E4647A029EEE23E0062147F = {
						CreatedOnToolsVersion = 14.3;
						TestTargetID = 4E46478529EEE23B0062147F;
					};
				};
			};
			buildConfigurationList = 4E46478129EEE23B0062147F /* Build configuration list for PBXProject "App" */;
			compatibilityVersion = "Xcode 12.0";
			developmentRegion = en;
			hasScannedForEncodings = 0;
			knownRegions = (
				en,
				Base,
				"es-419",
			);
			mainGroup = 4E46477D29EEE23B0062147F;
			packageReferences = (
				4EBFB4482A1910A800DA7C84 /* XCRemoteSwiftPackageReference "needle" */,
				4E0CCF012A19889B00EC6906 /* XCRemoteSwiftPackageReference "firebase-ios-sdk" */,
			);
			productRefGroup = 4E46478729EEE23B0062147F /* Products */;
			projectDirPath = "";
			projectRoot = "";
			targets = (
				4E46478529EEE23B0062147F /* App */,
				4E46479629EEE23E0062147F /* Tests */,
				4E4647A029EEE23E0062147F /* UITests */,
			);
		};
/* End PBXProject section */

/* Begin PBXResourcesBuildPhase section */
		4E46478429EEE23B0062147F /* Resources */ = {
			isa = PBXResourcesBuildPhase;
			buildActionMask = 2147483647;
			files = (
				4ED625982A25160800C33EAB /* AppConfig.xcconfig in Resources */,
				4E342A592A7A1B4C00B55713 /* NunitoSans_10pt-Bold.ttf in Resources */,
				4E2637D72B1E47380064424E /* Release-auConfig.xcconfig in Resources */,
				4E342A5A2A7A1B4C00B55713 /* NunitoSans_10pt-Italic.ttf in Resources */,
				4E46479229EEE23D0062147F /* Preview Assets.xcassets in Resources */,
				4E342A5C2A7A1B4C00B55713 /* NunitoSans_10pt-Light.ttf in Resources */,
				4E59A32F2A117606006F2130 /* Localizable.strings in Resources */,
				4E46478E29EEE23D0062147F /* Assets.xcassets in Resources */,
				4E342A5B2A7A1B4C00B55713 /* NunitoSans_10pt-Regular.ttf in Resources */,
				4E2637D92B1E48530064424E /* GoogleService-Info-release-au.plist in Resources */,
				4ED625932A25160800C33EAB /* GoogleService-Info.plist in Resources */,
				4E4B06452A84037F000CD2EB /* InfoPlist.strings in Resources */,
			);
			runOnlyForDeploymentPostprocessing = 0;
		};
		4E46479529EEE23E0062147F /* Resources */ = {
			isa = PBXResourcesBuildPhase;
			buildActionMask = 2147483647;
			files = (
			);
			runOnlyForDeploymentPostprocessing = 0;
		};
		4E46479F29EEE23E0062147F /* Resources */ = {
			isa = PBXResourcesBuildPhase;
			buildActionMask = 2147483647;
			files = (
			);
			runOnlyForDeploymentPostprocessing = 0;
		};
/* End PBXResourcesBuildPhase section */

/* Begin PBXShellScriptBuildPhase section */
		2BAFC9D2ECA459B9A261A635 /* [CP] Check Pods Manifest.lock */ = {
			isa = PBXShellScriptBuildPhase;
			buildActionMask = 2147483647;
			files = (
			);
			inputFileListPaths = (
			);
			inputPaths = (
				"${PODS_PODFILE_DIR_PATH}/Podfile.lock",
				"${PODS_ROOT}/Manifest.lock",
			);
			name = "[CP] Check Pods Manifest.lock";
			outputFileListPaths = (
			);
			outputPaths = (
				"$(DERIVED_FILE_DIR)/Pods-App-checkManifestLockResult.txt",
			);
			runOnlyForDeploymentPostprocessing = 0;
			shellPath = /bin/sh;
			shellScript = "diff \"${PODS_PODFILE_DIR_PATH}/Podfile.lock\" \"${PODS_ROOT}/Manifest.lock\" > /dev/null\nif [ $? != 0 ] ; then\n    # print error to STDERR\n    echo \"error: The sandbox is not in sync with the Podfile.lock. Run 'pod install' or update your CocoaPods installation.\" >&2\n    exit 1\nfi\n# This output is used by Xcode 'outputs' to avoid re-running this script phase.\necho \"SUCCESS\" > \"${SCRIPT_OUTPUT_FILE_0}\"\n";
			showEnvVarsInLog = 0;
		};
		4E0CCEF32A196BBD00EC6906 /* Overwrite App Config */ = {
			isa = PBXShellScriptBuildPhase;
			alwaysOutOfDate = 1;
			buildActionMask = 12;
			files = (
			);
			inputFileListPaths = (
			);
			inputPaths = (
				"$(SRCROOT)/App/Config/${CONFIGURATION}Config.xcconfig",
			);
			name = "Overwrite App Config";
			outputFileListPaths = (
			);
			outputPaths = (
				"$(SRCROOT)/App/Config/AppConfig.xcconfig",
			);
			runOnlyForDeploymentPostprocessing = 0;
			shellPath = /bin/sh;
			shellScript = "if [ -f \"${SCRIPT_INPUT_FILE_0}\" ]; then\n    cp \"${SCRIPT_INPUT_FILE_0}\" \"${SCRIPT_OUTPUT_FILE_0}\"\n    configFileName=$(basename \"${SCRIPT_INPUT_FILE_0}\")\n    echo \"Copied ${configFileName}\"\nelse\n    echo \"Configuration file not found for ${CONFIGURATION}\"\n    exit 1\nfi\n";
			showEnvVarsInLog = 0;
		};
		4E0CCF062A1988F300EC6906 /* Process and Upload dSYMs */ = {
			isa = PBXShellScriptBuildPhase;
			alwaysOutOfDate = 1;
			buildActionMask = 12;
			files = (
			);
			inputFileListPaths = (
			);
			inputPaths = (
				"${DWARF_DSYM_FOLDER_PATH}/${DWARF_DSYM_FILE_NAME}",
				"${DWARF_DSYM_FOLDER_PATH}/${DWARF_DSYM_FILE_NAME}/Contents/Resources/DWARF/${PRODUCT_NAME}",
				"${DWARF_DSYM_FOLDER_PATH}/${DWARF_DSYM_FILE_NAME}/Contents/Info.plist",
				"$(BUILT_PRODUCTS_DIR)/$(UNLOCALIZED_RESOURCES_FOLDER_PATH)/GoogleService-Info.plist",
				"$(BUILT_PRODUCTS_DIR)/$(EXECUTABLE_PATH)",
			);
			name = "Process and Upload dSYMs";
			outputFileListPaths = (
			);
			outputPaths = (
			);
			runOnlyForDeploymentPostprocessing = 0;
			shellPath = /bin/sh;
			shellScript = "# This must be the last phase\nif [[ \"${CONFIGURATION}\" != \"Debug\" ]]; then\n    \"${BUILD_DIR%/Build/*}/SourcePackages/checkouts/firebase-ios-sdk/Crashlytics/run\"\nelse\n    echo \"Debug must manually upload dSYMs\"\nfi\n";
			showEnvVarsInLog = 0;
		};
		4E0CCF0F2A19A77F00EC6906 /* Overwrite GoogleService-Info */ = {
			isa = PBXShellScriptBuildPhase;
			alwaysOutOfDate = 1;
			buildActionMask = 12;
			files = (
			);
			inputFileListPaths = (
			);
			inputPaths = (
				"$(SRCROOT)/App/Config/GoogleService-Info-${CONFIGURATION}.plist",
			);
			name = "Overwrite GoogleService-Info";
			outputFileListPaths = (
			);
			outputPaths = (
				"$(SRCROOT)/App/Config/GoogleService-Info.plist",
			);
			runOnlyForDeploymentPostprocessing = 0;
			shellPath = /bin/sh;
			shellScript = "if [ -f \"${SCRIPT_INPUT_FILE_0}\" ]; then\n    cp \"${SCRIPT_INPUT_FILE_0}\" \"${SCRIPT_OUTPUT_FILE_0}\"\n    configFileName=$(basename \"${SCRIPT_INPUT_FILE_0}\")\n    echo \"Copied ${configFileName}\"\nelse\n    echo \"GoogleService-Info not found for ${CONFIGURATION}\"\n    exit 1\nfi\n";
			showEnvVarsInLog = 0;
		};
		4EBFB44D2A1910D800DA7C84 /* Generate Needle Dependency Graph */ = {
			isa = PBXShellScriptBuildPhase;
			alwaysOutOfDate = 1;
			buildActionMask = 2147483647;
			files = (
			);
			inputFileListPaths = (
			);
			inputPaths = (
			);
			name = "Generate Needle Dependency Graph";
			outputFileListPaths = (
			);
			outputPaths = (
			);
			runOnlyForDeploymentPostprocessing = 0;
			shellPath = /bin/sh;
			shellScript = "export PATH=\"$PATH:/opt/homebrew/bin\"\n\nneedle generate App/Sources/NeedleGenerated.swift App/Sources/ CrisisCleanup/Sources\n";
			showEnvVarsInLog = 0;
		};
		9824052A939388FC40D7C4AA /* [CP] Copy Pods Resources */ = {
			isa = PBXShellScriptBuildPhase;
			buildActionMask = 2147483647;
			files = (
			);
			inputFileListPaths = (
				"${PODS_ROOT}/Target Support Files/Pods-App/Pods-App-resources-${CONFIGURATION}-input-files.xcfilelist",
			);
			name = "[CP] Copy Pods Resources";
			outputFileListPaths = (
				"${PODS_ROOT}/Target Support Files/Pods-App/Pods-App-resources-${CONFIGURATION}-output-files.xcfilelist",
			);
			runOnlyForDeploymentPostprocessing = 0;
			shellPath = /bin/sh;
			shellScript = "\"${PODS_ROOT}/Target Support Files/Pods-App/Pods-App-resources.sh\"\n";
			showEnvVarsInLog = 0;
		};
/* End PBXShellScriptBuildPhase section */

/* Begin PBXSourcesBuildPhase section */
		4E46478229EEE23B0062147F /* Sources */ = {
			isa = PBXSourcesBuildPhase;
			buildActionMask = 2147483647;
			files = (
				4E0CCF082A1989FB00EC6906 /* AppLoggerProvider.swift in Sources */,
				4ECCE0C62AC37A2400D91463 /* ExternalActivityProcessor.swift in Sources */,
				4E70C53B2A6A1BE300A6C59B /* Address+Extension.swift in Sources */,
				4E4975C22A4E266000EEC7A2 /* LerpGrayscaleToColorKernel.ci.metal in Sources */,
				4E342A4F2A7A0F2600B55713 /* FontBlaster.swift in Sources */,
				4ECCE0C82AC37D7000D91463 /* CrisisCleanupExternalEventBus.swift in Sources */,
				4E646A002A1916BB009148E0 /* NeedleGenerated.swift in Sources */,
				4E46478A29EEE23B0062147F /* CrisisCleanupApp.swift in Sources */,
				4E0CCEF52A196D4F00EC6906 /* AppBuildEnv.swift in Sources */,
				4E342A4D2A7A0CA600B55713 /* AppFont.swift in Sources */,
				4E0CCEF92A1970E200EC6906 /* ConfigProperties.swift in Sources */,
				4E0CCEEC2A1966EE00EC6906 /* AppSettings.swift in Sources */,
				4E70C5392A69F89500A6C59B /* GooglePlaceAddressSearchRepository.swift in Sources */,
			);
			runOnlyForDeploymentPostprocessing = 0;
		};
		4E46479329EEE23E0062147F /* Sources */ = {
			isa = PBXSourcesBuildPhase;
			buildActionMask = 2147483647;
			files = (
				4E46479C29EEE23E0062147F /* AppTests.swift in Sources */,
			);
			runOnlyForDeploymentPostprocessing = 0;
		};
		4E46479D29EEE23E0062147F /* Sources */ = {
			isa = PBXSourcesBuildPhase;
			buildActionMask = 2147483647;
			files = (
				4E4647A829EEE23E0062147F /* AppUITestsLaunchTests.swift in Sources */,
				4E4647A629EEE23E0062147F /* AppUITests.swift in Sources */,
			);
			runOnlyForDeploymentPostprocessing = 0;
		};
/* End PBXSourcesBuildPhase section */

/* Begin PBXTargetDependency section */
		4E46479929EEE23E0062147F /* PBXTargetDependency */ = {
			isa = PBXTargetDependency;
			target = 4E46478529EEE23B0062147F /* App */;
			targetProxy = 4E46479829EEE23E0062147F /* PBXContainerItemProxy */;
		};
		4E4647A329EEE23E0062147F /* PBXTargetDependency */ = {
			isa = PBXTargetDependency;
			target = 4E46478529EEE23B0062147F /* App */;
			targetProxy = 4E4647A229EEE23E0062147F /* PBXContainerItemProxy */;
		};
		4EBFB44C2A1910B100DA7C84 /* PBXTargetDependency */ = {
			isa = PBXTargetDependency;
		};
/* End PBXTargetDependency section */

/* Begin PBXVariantGroup section */
		4E4B06432A84037F000CD2EB /* InfoPlist.strings */ = {
			isa = PBXVariantGroup;
			children = (
				4E4B06442A84037F000CD2EB /* en */,
			);
			name = InfoPlist.strings;
			sourceTree = "<group>";
		};
		4E59A3312A117606006F2130 /* Localizable.strings */ = {
			isa = PBXVariantGroup;
			children = (
				4E59A3302A117606006F2130 /* en */,
			);
			name = Localizable.strings;
			sourceTree = "<group>";
		};
/* End PBXVariantGroup section */

/* Begin XCBuildConfiguration section */
		4E2637D12B1E41370064424E /* Release-au */ = {
			isa = XCBuildConfiguration;
			baseConfigurationReference = 4ED625902A25160800C33EAB /* AppConfig.xcconfig */;
			buildSettings = {
				ALWAYS_SEARCH_USER_PATHS = NO;
				CLANG_ANALYZER_NONNULL = YES;
				CLANG_ANALYZER_NUMBER_OBJECT_CONVERSION = YES_AGGRESSIVE;
				CLANG_CXX_LANGUAGE_STANDARD = "gnu++20";
				CLANG_ENABLE_MODULES = YES;
				CLANG_ENABLE_OBJC_ARC = YES;
				CLANG_ENABLE_OBJC_WEAK = YES;
				CLANG_WARN_BLOCK_CAPTURE_AUTORELEASING = YES;
				CLANG_WARN_BOOL_CONVERSION = YES;
				CLANG_WARN_COMMA = YES;
				CLANG_WARN_CONSTANT_CONVERSION = YES;
				CLANG_WARN_DEPRECATED_OBJC_IMPLEMENTATIONS = YES;
				CLANG_WARN_DIRECT_OBJC_ISA_USAGE = YES_ERROR;
				CLANG_WARN_DOCUMENTATION_COMMENTS = YES;
				CLANG_WARN_EMPTY_BODY = YES;
				CLANG_WARN_ENUM_CONVERSION = YES;
				CLANG_WARN_INFINITE_RECURSION = YES;
				CLANG_WARN_INT_CONVERSION = YES;
				CLANG_WARN_NON_LITERAL_NULL_CONVERSION = YES;
				CLANG_WARN_OBJC_IMPLICIT_RETAIN_SELF = YES;
				CLANG_WARN_OBJC_LITERAL_CONVERSION = YES;
				CLANG_WARN_OBJC_ROOT_CLASS = YES_ERROR;
				CLANG_WARN_QUOTED_INCLUDE_IN_FRAMEWORK_HEADER = YES;
				CLANG_WARN_RANGE_LOOP_ANALYSIS = YES;
				CLANG_WARN_STRICT_PROTOTYPES = YES;
				CLANG_WARN_SUSPICIOUS_MOVE = YES;
				CLANG_WARN_UNGUARDED_AVAILABILITY = YES_AGGRESSIVE;
				CLANG_WARN_UNREACHABLE_CODE = YES;
				CLANG_WARN__DUPLICATE_METHOD_MATCH = YES;
				COPY_PHASE_STRIP = NO;
				DEBUG_INFORMATION_FORMAT = "dwarf-with-dsym";
				ENABLE_NS_ASSERTIONS = NO;
				ENABLE_STRICT_OBJC_MSGSEND = YES;
				GCC_C_LANGUAGE_STANDARD = gnu11;
				GCC_NO_COMMON_BLOCKS = YES;
				GCC_WARN_64_TO_32_BIT_CONVERSION = YES;
				GCC_WARN_ABOUT_RETURN_TYPE = YES_ERROR;
				GCC_WARN_UNDECLARED_SELECTOR = YES;
				GCC_WARN_UNINITIALIZED_AUTOS = YES_AGGRESSIVE;
				GCC_WARN_UNUSED_FUNCTION = YES;
				GCC_WARN_UNUSED_VARIABLE = YES;
				MTL_ENABLE_DEBUG_INFO = NO;
				MTL_FAST_MATH = YES;
				SWIFT_COMPILATION_MODE = wholemodule;
				SWIFT_OPTIMIZATION_LEVEL = "-O";
			};
			name = "Release-au";
		};
		4E2637D22B1E41370064424E /* Release-au */ = {
			isa = XCBuildConfiguration;
			baseConfigurationReference = BFF302A7DE276EB4D0EEE995 /* Pods-App.release-au.xcconfig */;
			buildSettings = {
				ASSETCATALOG_COMPILER_APPICON_NAME = AppIconAu;
				ASSETCATALOG_COMPILER_GLOBAL_ACCENT_COLOR_NAME = AccentColor;
				CODE_SIGN_ENTITLEMENTS = "App/AppRelease-au.entitlements";
				CODE_SIGN_IDENTITY = "Apple Development";
				CODE_SIGN_STYLE = Automatic;
				CURRENT_PROJECT_VERSION = 90;
				DEVELOPMENT_ASSET_PATHS = "\"App/Preview Content\"";
				DEVELOPMENT_TEAM = ZM286L3HTV;
				ENABLE_HARDENED_RUNTIME = YES;
				ENABLE_PREVIEWS = YES;
				GENERATE_INFOPLIST_FILE = YES;
				INFOPLIST_FILE = App/Info.plist;
				INFOPLIST_KEY_CFBundleDisplayName = "Crisis Cleanup";
				"INFOPLIST_KEY_CFBundleDisplayName[sdk=*]" = "Crisis Cleanup";
				INFOPLIST_KEY_LSApplicationCategoryType = "public.app-category.lifestyle";
				INFOPLIST_KEY_NSCameraUsageDescription = "Camera access reason";
				INFOPLIST_KEY_NSLocationWhenInUseUsageDescription = "Location access reason";
				"INFOPLIST_KEY_UIApplicationSceneManifest_Generation[sdk=iphoneos*]" = YES;
				"INFOPLIST_KEY_UIApplicationSceneManifest_Generation[sdk=iphonesimulator*]" = YES;
				"INFOPLIST_KEY_UIApplicationSupportsIndirectInputEvents[sdk=iphoneos*]" = YES;
				"INFOPLIST_KEY_UIApplicationSupportsIndirectInputEvents[sdk=iphonesimulator*]" = YES;
				"INFOPLIST_KEY_UILaunchScreen_Generation[sdk=iphoneos*]" = YES;
				"INFOPLIST_KEY_UILaunchScreen_Generation[sdk=iphonesimulator*]" = YES;
				"INFOPLIST_KEY_UIStatusBarStyle[sdk=iphoneos*]" = UIStatusBarStyleDefault;
				"INFOPLIST_KEY_UIStatusBarStyle[sdk=iphonesimulator*]" = UIStatusBarStyleDefault;
				INFOPLIST_KEY_UISupportedInterfaceOrientations_iPad = "UIInterfaceOrientationPortrait UIInterfaceOrientationPortraitUpsideDown UIInterfaceOrientationLandscapeLeft UIInterfaceOrientationLandscapeRight";
				INFOPLIST_KEY_UISupportedInterfaceOrientations_iPhone = "UIInterfaceOrientationPortrait UIInterfaceOrientationLandscapeLeft UIInterfaceOrientationLandscapeRight";
				INFOPLIST_KEY_UIUserInterfaceStyle = Light;
				IPHONEOS_DEPLOYMENT_TARGET = 16.4;
				LD_RUNPATH_SEARCH_PATHS = "@executable_path/Frameworks";
				"LD_RUNPATH_SEARCH_PATHS[sdk=macosx*]" = "@executable_path/../Frameworks";
				MACOSX_DEPLOYMENT_TARGET = 13.0;
				MARKETING_VERSION = 0.9.9;
				PRODUCT_BUNDLE_IDENTIFIER = com.crisiscleanup.aus;
				PRODUCT_NAME = "$(TARGET_NAME)";
				PROVISIONING_PROFILE_SPECIFIER = "";
				SDKROOT = auto;
				SUPPORTED_PLATFORMS = "iphoneos iphonesimulator";
				SUPPORTS_MACCATALYST = NO;
				SUPPORTS_MAC_DESIGNED_FOR_IPHONE_IPAD = NO;
				SWIFT_EMIT_LOC_STRINGS = YES;
				SWIFT_VERSION = 5.0;
				TARGETED_DEVICE_FAMILY = "1,2";
			};
			name = "Release-au";
		};
		4E2637D32B1E41370064424E /* Release-au */ = {
			isa = XCBuildConfiguration;
			buildSettings = {
				ALWAYS_EMBED_SWIFT_STANDARD_LIBRARIES = YES;
				BUNDLE_LOADER = "$(TEST_HOST)";
				CODE_SIGN_STYLE = Automatic;
				CURRENT_PROJECT_VERSION = 1;
				DEVELOPMENT_TEAM = AYLY2UUH8J;
				GENERATE_INFOPLIST_FILE = YES;
				IPHONEOS_DEPLOYMENT_TARGET = 16.4;
				MACOSX_DEPLOYMENT_TARGET = 13.0;
				MARKETING_VERSION = 1.0;
				PRODUCT_BUNDLE_IDENTIFIER = com.crisiscleanup.tests;
				PRODUCT_NAME = "$(TARGET_NAME)";
				SDKROOT = auto;
				SUPPORTED_PLATFORMS = "iphoneos iphonesimulator macosx";
				SWIFT_EMIT_LOC_STRINGS = NO;
				SWIFT_VERSION = 5.0;
				TARGETED_DEVICE_FAMILY = "1,2";
				TEST_HOST = "$(BUILT_PRODUCTS_DIR)/App.app/$(BUNDLE_EXECUTABLE_FOLDER_PATH)/App";
			};
			name = "Release-au";
		};
		4E2637D42B1E41370064424E /* Release-au */ = {
			isa = XCBuildConfiguration;
			buildSettings = {
				ALWAYS_EMBED_SWIFT_STANDARD_LIBRARIES = YES;
				CODE_SIGN_STYLE = Automatic;
				CURRENT_PROJECT_VERSION = 1;
				DEVELOPMENT_TEAM = AYLY2UUH8J;
				GENERATE_INFOPLIST_FILE = YES;
				IPHONEOS_DEPLOYMENT_TARGET = 16.4;
				MACOSX_DEPLOYMENT_TARGET = 13.0;
				MARKETING_VERSION = 1.0;
				PRODUCT_BUNDLE_IDENTIFIER = com.crisiscleanup.uitests;
				PRODUCT_NAME = "$(TARGET_NAME)";
				SDKROOT = auto;
				SUPPORTED_PLATFORMS = "iphoneos iphonesimulator macosx";
				SWIFT_EMIT_LOC_STRINGS = NO;
				SWIFT_VERSION = 5.0;
				TARGETED_DEVICE_FAMILY = "1,2";
				TEST_TARGET_NAME = App;
			};
			name = "Release-au";
		};
		4E4647A929EEE23E0062147F /* Debug */ = {
			isa = XCBuildConfiguration;
			baseConfigurationReference = 4ED625902A25160800C33EAB /* AppConfig.xcconfig */;
			buildSettings = {
				ALWAYS_SEARCH_USER_PATHS = NO;
				CLANG_ANALYZER_NONNULL = YES;
				CLANG_ANALYZER_NUMBER_OBJECT_CONVERSION = YES_AGGRESSIVE;
				CLANG_CXX_LANGUAGE_STANDARD = "gnu++20";
				CLANG_ENABLE_MODULES = YES;
				CLANG_ENABLE_OBJC_ARC = YES;
				CLANG_ENABLE_OBJC_WEAK = YES;
				CLANG_WARN_BLOCK_CAPTURE_AUTORELEASING = YES;
				CLANG_WARN_BOOL_CONVERSION = YES;
				CLANG_WARN_COMMA = YES;
				CLANG_WARN_CONSTANT_CONVERSION = YES;
				CLANG_WARN_DEPRECATED_OBJC_IMPLEMENTATIONS = YES;
				CLANG_WARN_DIRECT_OBJC_ISA_USAGE = YES_ERROR;
				CLANG_WARN_DOCUMENTATION_COMMENTS = YES;
				CLANG_WARN_EMPTY_BODY = YES;
				CLANG_WARN_ENUM_CONVERSION = YES;
				CLANG_WARN_INFINITE_RECURSION = YES;
				CLANG_WARN_INT_CONVERSION = YES;
				CLANG_WARN_NON_LITERAL_NULL_CONVERSION = YES;
				CLANG_WARN_OBJC_IMPLICIT_RETAIN_SELF = YES;
				CLANG_WARN_OBJC_LITERAL_CONVERSION = YES;
				CLANG_WARN_OBJC_ROOT_CLASS = YES_ERROR;
				CLANG_WARN_QUOTED_INCLUDE_IN_FRAMEWORK_HEADER = YES;
				CLANG_WARN_RANGE_LOOP_ANALYSIS = YES;
				CLANG_WARN_STRICT_PROTOTYPES = YES;
				CLANG_WARN_SUSPICIOUS_MOVE = YES;
				CLANG_WARN_UNGUARDED_AVAILABILITY = YES_AGGRESSIVE;
				CLANG_WARN_UNREACHABLE_CODE = YES;
				CLANG_WARN__DUPLICATE_METHOD_MATCH = YES;
				COPY_PHASE_STRIP = NO;
				DEBUG_INFORMATION_FORMAT = dwarf;
				ENABLE_STRICT_OBJC_MSGSEND = YES;
				ENABLE_TESTABILITY = YES;
				GCC_C_LANGUAGE_STANDARD = gnu11;
				GCC_DYNAMIC_NO_PIC = NO;
				GCC_NO_COMMON_BLOCKS = YES;
				GCC_OPTIMIZATION_LEVEL = 0;
				GCC_PREPROCESSOR_DEFINITIONS = (
					"DEBUG=1",
					"$(inherited)",
				);
				GCC_WARN_64_TO_32_BIT_CONVERSION = YES;
				GCC_WARN_ABOUT_RETURN_TYPE = YES_ERROR;
				GCC_WARN_UNDECLARED_SELECTOR = YES;
				GCC_WARN_UNINITIALIZED_AUTOS = YES_AGGRESSIVE;
				GCC_WARN_UNUSED_FUNCTION = YES;
				GCC_WARN_UNUSED_VARIABLE = YES;
				MTL_ENABLE_DEBUG_INFO = INCLUDE_SOURCE;
				MTL_FAST_MATH = YES;
				ONLY_ACTIVE_ARCH = YES;
				SWIFT_ACTIVE_COMPILATION_CONDITIONS = DEBUG;
				SWIFT_OPTIMIZATION_LEVEL = "-Onone";
			};
			name = Debug;
		};
		4E4647AA29EEE23E0062147F /* Release */ = {
			isa = XCBuildConfiguration;
			baseConfigurationReference = 4ED625902A25160800C33EAB /* AppConfig.xcconfig */;
			buildSettings = {
				ALWAYS_SEARCH_USER_PATHS = NO;
				CLANG_ANALYZER_NONNULL = YES;
				CLANG_ANALYZER_NUMBER_OBJECT_CONVERSION = YES_AGGRESSIVE;
				CLANG_CXX_LANGUAGE_STANDARD = "gnu++20";
				CLANG_ENABLE_MODULES = YES;
				CLANG_ENABLE_OBJC_ARC = YES;
				CLANG_ENABLE_OBJC_WEAK = YES;
				CLANG_WARN_BLOCK_CAPTURE_AUTORELEASING = YES;
				CLANG_WARN_BOOL_CONVERSION = YES;
				CLANG_WARN_COMMA = YES;
				CLANG_WARN_CONSTANT_CONVERSION = YES;
				CLANG_WARN_DEPRECATED_OBJC_IMPLEMENTATIONS = YES;
				CLANG_WARN_DIRECT_OBJC_ISA_USAGE = YES_ERROR;
				CLANG_WARN_DOCUMENTATION_COMMENTS = YES;
				CLANG_WARN_EMPTY_BODY = YES;
				CLANG_WARN_ENUM_CONVERSION = YES;
				CLANG_WARN_INFINITE_RECURSION = YES;
				CLANG_WARN_INT_CONVERSION = YES;
				CLANG_WARN_NON_LITERAL_NULL_CONVERSION = YES;
				CLANG_WARN_OBJC_IMPLICIT_RETAIN_SELF = YES;
				CLANG_WARN_OBJC_LITERAL_CONVERSION = YES;
				CLANG_WARN_OBJC_ROOT_CLASS = YES_ERROR;
				CLANG_WARN_QUOTED_INCLUDE_IN_FRAMEWORK_HEADER = YES;
				CLANG_WARN_RANGE_LOOP_ANALYSIS = YES;
				CLANG_WARN_STRICT_PROTOTYPES = YES;
				CLANG_WARN_SUSPICIOUS_MOVE = YES;
				CLANG_WARN_UNGUARDED_AVAILABILITY = YES_AGGRESSIVE;
				CLANG_WARN_UNREACHABLE_CODE = YES;
				CLANG_WARN__DUPLICATE_METHOD_MATCH = YES;
				COPY_PHASE_STRIP = NO;
				DEBUG_INFORMATION_FORMAT = "dwarf-with-dsym";
				ENABLE_NS_ASSERTIONS = NO;
				ENABLE_STRICT_OBJC_MSGSEND = YES;
				GCC_C_LANGUAGE_STANDARD = gnu11;
				GCC_NO_COMMON_BLOCKS = YES;
				GCC_WARN_64_TO_32_BIT_CONVERSION = YES;
				GCC_WARN_ABOUT_RETURN_TYPE = YES_ERROR;
				GCC_WARN_UNDECLARED_SELECTOR = YES;
				GCC_WARN_UNINITIALIZED_AUTOS = YES_AGGRESSIVE;
				GCC_WARN_UNUSED_FUNCTION = YES;
				GCC_WARN_UNUSED_VARIABLE = YES;
				MTL_ENABLE_DEBUG_INFO = NO;
				MTL_FAST_MATH = YES;
				SWIFT_COMPILATION_MODE = wholemodule;
				SWIFT_OPTIMIZATION_LEVEL = "-O";
			};
			name = Release;
		};
		4E4647AC29EEE23E0062147F /* Debug */ = {
			isa = XCBuildConfiguration;
			baseConfigurationReference = 66A43D788AD300B2668BE9DD /* Pods-App.debug.xcconfig */;
			buildSettings = {
				ASSETCATALOG_COMPILER_APPICON_NAME = AppIconDev;
				ASSETCATALOG_COMPILER_GLOBAL_ACCENT_COLOR_NAME = AccentColor;
				CODE_SIGN_ENTITLEMENTS = App/AppDebug.entitlements;
				CODE_SIGN_IDENTITY = "Apple Development";
				CODE_SIGN_STYLE = Automatic;
				CURRENT_PROJECT_VERSION = 90;
				DEVELOPMENT_ASSET_PATHS = "\"App/Preview Content\"";
				DEVELOPMENT_TEAM = ZM286L3HTV;
				ENABLE_HARDENED_RUNTIME = YES;
				ENABLE_PREVIEWS = YES;
				GENERATE_INFOPLIST_FILE = YES;
				INFOPLIST_FILE = App/Info.plist;
				INFOPLIST_KEY_CFBundleDisplayName = "Crisis Cleanup";
				"INFOPLIST_KEY_CFBundleDisplayName[sdk=*]" = ccu;
				INFOPLIST_KEY_LSApplicationCategoryType = "public.app-category.lifestyle";
				INFOPLIST_KEY_NSCameraUsageDescription = "Camera access reason";
				INFOPLIST_KEY_NSLocationWhenInUseUsageDescription = "Location access reason";
				"INFOPLIST_KEY_UIApplicationSceneManifest_Generation[sdk=iphoneos*]" = YES;
				"INFOPLIST_KEY_UIApplicationSceneManifest_Generation[sdk=iphonesimulator*]" = YES;
				"INFOPLIST_KEY_UIApplicationSupportsIndirectInputEvents[sdk=iphoneos*]" = YES;
				"INFOPLIST_KEY_UIApplicationSupportsIndirectInputEvents[sdk=iphonesimulator*]" = YES;
				"INFOPLIST_KEY_UILaunchScreen_Generation[sdk=iphoneos*]" = YES;
				"INFOPLIST_KEY_UILaunchScreen_Generation[sdk=iphonesimulator*]" = YES;
				"INFOPLIST_KEY_UIStatusBarStyle[sdk=iphoneos*]" = UIStatusBarStyleDefault;
				"INFOPLIST_KEY_UIStatusBarStyle[sdk=iphonesimulator*]" = UIStatusBarStyleDefault;
				INFOPLIST_KEY_UISupportedInterfaceOrientations_iPad = "UIInterfaceOrientationPortrait UIInterfaceOrientationPortraitUpsideDown UIInterfaceOrientationLandscapeLeft UIInterfaceOrientationLandscapeRight";
				INFOPLIST_KEY_UISupportedInterfaceOrientations_iPhone = "UIInterfaceOrientationPortrait UIInterfaceOrientationLandscapeLeft UIInterfaceOrientationLandscapeRight";
				INFOPLIST_KEY_UIUserInterfaceStyle = Light;
				IPHONEOS_DEPLOYMENT_TARGET = 16.4;
				LD_RUNPATH_SEARCH_PATHS = "@executable_path/Frameworks";
				"LD_RUNPATH_SEARCH_PATHS[sdk=macosx*]" = "@executable_path/../Frameworks";
				MACOSX_DEPLOYMENT_TARGET = 13.0;
				MARKETING_VERSION = 0.9.9;
				PRODUCT_BUNDLE_IDENTIFIER = com.crisiscleanup.dev;
				PRODUCT_NAME = "$(TARGET_NAME)";
				PROVISIONING_PROFILE_SPECIFIER = "";
				SDKROOT = auto;
				SUPPORTED_PLATFORMS = "iphoneos iphonesimulator";
				SUPPORTS_MACCATALYST = NO;
				SUPPORTS_MAC_DESIGNED_FOR_IPHONE_IPAD = NO;
				SWIFT_EMIT_LOC_STRINGS = YES;
				SWIFT_VERSION = 5.0;
				TARGETED_DEVICE_FAMILY = "1,2";
			};
			name = Debug;
		};
		4E4647AD29EEE23E0062147F /* Release */ = {
			isa = XCBuildConfiguration;
			baseConfigurationReference = BD001814E75AB030A11B38B1 /* Pods-App.release.xcconfig */;
			buildSettings = {
				ASSETCATALOG_COMPILER_APPICON_NAME = AppIcon;
				ASSETCATALOG_COMPILER_GLOBAL_ACCENT_COLOR_NAME = AccentColor;
				CODE_SIGN_ENTITLEMENTS = App/App.entitlements;
				CODE_SIGN_IDENTITY = "Apple Development";
				CODE_SIGN_STYLE = Automatic;
				CURRENT_PROJECT_VERSION = 90;
				DEVELOPMENT_ASSET_PATHS = "\"App/Preview Content\"";
				DEVELOPMENT_TEAM = ZM286L3HTV;
				ENABLE_HARDENED_RUNTIME = YES;
				ENABLE_PREVIEWS = YES;
				GENERATE_INFOPLIST_FILE = YES;
				INFOPLIST_FILE = App/Info.plist;
				INFOPLIST_KEY_CFBundleDisplayName = "Crisis Cleanup";
				"INFOPLIST_KEY_CFBundleDisplayName[sdk=*]" = "Crisis Cleanup";
				INFOPLIST_KEY_LSApplicationCategoryType = "public.app-category.lifestyle";
				INFOPLIST_KEY_NSCameraUsageDescription = "Camera access reason";
				INFOPLIST_KEY_NSLocationWhenInUseUsageDescription = "Location access reason";
				"INFOPLIST_KEY_UIApplicationSceneManifest_Generation[sdk=iphoneos*]" = YES;
				"INFOPLIST_KEY_UIApplicationSceneManifest_Generation[sdk=iphonesimulator*]" = YES;
				"INFOPLIST_KEY_UIApplicationSupportsIndirectInputEvents[sdk=iphoneos*]" = YES;
				"INFOPLIST_KEY_UIApplicationSupportsIndirectInputEvents[sdk=iphonesimulator*]" = YES;
				"INFOPLIST_KEY_UILaunchScreen_Generation[sdk=iphoneos*]" = YES;
				"INFOPLIST_KEY_UILaunchScreen_Generation[sdk=iphonesimulator*]" = YES;
				"INFOPLIST_KEY_UIStatusBarStyle[sdk=iphoneos*]" = UIStatusBarStyleDefault;
				"INFOPLIST_KEY_UIStatusBarStyle[sdk=iphonesimulator*]" = UIStatusBarStyleDefault;
				INFOPLIST_KEY_UISupportedInterfaceOrientations_iPad = "UIInterfaceOrientationPortrait UIInterfaceOrientationPortraitUpsideDown UIInterfaceOrientationLandscapeLeft UIInterfaceOrientationLandscapeRight";
				INFOPLIST_KEY_UISupportedInterfaceOrientations_iPhone = "UIInterfaceOrientationPortrait UIInterfaceOrientationLandscapeLeft UIInterfaceOrientationLandscapeRight";
				INFOPLIST_KEY_UIUserInterfaceStyle = Light;
				IPHONEOS_DEPLOYMENT_TARGET = 16.4;
				LD_RUNPATH_SEARCH_PATHS = "@executable_path/Frameworks";
				"LD_RUNPATH_SEARCH_PATHS[sdk=macosx*]" = "@executable_path/../Frameworks";
				MACOSX_DEPLOYMENT_TARGET = 13.0;
				MARKETING_VERSION = 0.9.9;
				PRODUCT_BUNDLE_IDENTIFIER = com.crisiscleanup.prod;
				PRODUCT_NAME = "$(TARGET_NAME)";
				PROVISIONING_PROFILE_SPECIFIER = "";
				SDKROOT = auto;
				SUPPORTED_PLATFORMS = "iphoneos iphonesimulator";
				SUPPORTS_MACCATALYST = NO;
				SUPPORTS_MAC_DESIGNED_FOR_IPHONE_IPAD = NO;
				SWIFT_EMIT_LOC_STRINGS = YES;
				SWIFT_VERSION = 5.0;
				TARGETED_DEVICE_FAMILY = "1,2";
			};
			name = Release;
		};
		4E4647AF29EEE23E0062147F /* Debug */ = {
			isa = XCBuildConfiguration;
			buildSettings = {
				ALWAYS_EMBED_SWIFT_STANDARD_LIBRARIES = YES;
				BUNDLE_LOADER = "$(TEST_HOST)";
				CODE_SIGN_STYLE = Automatic;
				CURRENT_PROJECT_VERSION = 1;
				DEVELOPMENT_TEAM = AYLY2UUH8J;
				GENERATE_INFOPLIST_FILE = YES;
				IPHONEOS_DEPLOYMENT_TARGET = 16.4;
				MACOSX_DEPLOYMENT_TARGET = 13.0;
				MARKETING_VERSION = 1.0;
				PRODUCT_BUNDLE_IDENTIFIER = com.crisiscleanup.tests;
				PRODUCT_NAME = "$(TARGET_NAME)";
				SDKROOT = auto;
				SUPPORTED_PLATFORMS = "iphoneos iphonesimulator macosx";
				SWIFT_EMIT_LOC_STRINGS = NO;
				SWIFT_VERSION = 5.0;
				TARGETED_DEVICE_FAMILY = "1,2";
				TEST_HOST = "$(BUILT_PRODUCTS_DIR)/App.app/$(BUNDLE_EXECUTABLE_FOLDER_PATH)/App";
			};
			name = Debug;
		};
		4E4647B029EEE23E0062147F /* Release */ = {
			isa = XCBuildConfiguration;
			buildSettings = {
				ALWAYS_EMBED_SWIFT_STANDARD_LIBRARIES = YES;
				BUNDLE_LOADER = "$(TEST_HOST)";
				CODE_SIGN_STYLE = Automatic;
				CURRENT_PROJECT_VERSION = 1;
				DEVELOPMENT_TEAM = AYLY2UUH8J;
				GENERATE_INFOPLIST_FILE = YES;
				IPHONEOS_DEPLOYMENT_TARGET = 16.4;
				MACOSX_DEPLOYMENT_TARGET = 13.0;
				MARKETING_VERSION = 1.0;
				PRODUCT_BUNDLE_IDENTIFIER = com.crisiscleanup.tests;
				PRODUCT_NAME = "$(TARGET_NAME)";
				SDKROOT = auto;
				SUPPORTED_PLATFORMS = "iphoneos iphonesimulator macosx";
				SWIFT_EMIT_LOC_STRINGS = NO;
				SWIFT_VERSION = 5.0;
				TARGETED_DEVICE_FAMILY = "1,2";
				TEST_HOST = "$(BUILT_PRODUCTS_DIR)/App.app/$(BUNDLE_EXECUTABLE_FOLDER_PATH)/App";
			};
			name = Release;
		};
		4E4647B229EEE23E0062147F /* Debug */ = {
			isa = XCBuildConfiguration;
			buildSettings = {
				ALWAYS_EMBED_SWIFT_STANDARD_LIBRARIES = YES;
				CODE_SIGN_STYLE = Automatic;
				CURRENT_PROJECT_VERSION = 1;
				DEVELOPMENT_TEAM = AYLY2UUH8J;
				GENERATE_INFOPLIST_FILE = YES;
				IPHONEOS_DEPLOYMENT_TARGET = 16.4;
				MACOSX_DEPLOYMENT_TARGET = 13.0;
				MARKETING_VERSION = 1.0;
				PRODUCT_BUNDLE_IDENTIFIER = com.crisiscleanup.uitests;
				PRODUCT_NAME = "$(TARGET_NAME)";
				SDKROOT = auto;
				SUPPORTED_PLATFORMS = "iphoneos iphonesimulator macosx";
				SWIFT_EMIT_LOC_STRINGS = NO;
				SWIFT_VERSION = 5.0;
				TARGETED_DEVICE_FAMILY = "1,2";
				TEST_TARGET_NAME = App;
			};
			name = Debug;
		};
		4E4647B329EEE23E0062147F /* Release */ = {
			isa = XCBuildConfiguration;
			buildSettings = {
				ALWAYS_EMBED_SWIFT_STANDARD_LIBRARIES = YES;
				CODE_SIGN_STYLE = Automatic;
				CURRENT_PROJECT_VERSION = 1;
				DEVELOPMENT_TEAM = AYLY2UUH8J;
				GENERATE_INFOPLIST_FILE = YES;
				IPHONEOS_DEPLOYMENT_TARGET = 16.4;
				MACOSX_DEPLOYMENT_TARGET = 13.0;
				MARKETING_VERSION = 1.0;
				PRODUCT_BUNDLE_IDENTIFIER = com.crisiscleanup.uitests;
				PRODUCT_NAME = "$(TARGET_NAME)";
				SDKROOT = auto;
				SUPPORTED_PLATFORMS = "iphoneos iphonesimulator macosx";
				SWIFT_EMIT_LOC_STRINGS = NO;
				SWIFT_VERSION = 5.0;
				TARGETED_DEVICE_FAMILY = "1,2";
				TEST_TARGET_NAME = App;
			};
			name = Release;
		};
		4E4647B429EEE4D10062147F /* Staging */ = {
			isa = XCBuildConfiguration;
			baseConfigurationReference = 4ED625902A25160800C33EAB /* AppConfig.xcconfig */;
			buildSettings = {
				ALWAYS_SEARCH_USER_PATHS = NO;
				CLANG_ANALYZER_NONNULL = YES;
				CLANG_ANALYZER_NUMBER_OBJECT_CONVERSION = YES_AGGRESSIVE;
				CLANG_CXX_LANGUAGE_STANDARD = "gnu++20";
				CLANG_ENABLE_MODULES = YES;
				CLANG_ENABLE_OBJC_ARC = YES;
				CLANG_ENABLE_OBJC_WEAK = YES;
				CLANG_WARN_BLOCK_CAPTURE_AUTORELEASING = YES;
				CLANG_WARN_BOOL_CONVERSION = YES;
				CLANG_WARN_COMMA = YES;
				CLANG_WARN_CONSTANT_CONVERSION = YES;
				CLANG_WARN_DEPRECATED_OBJC_IMPLEMENTATIONS = YES;
				CLANG_WARN_DIRECT_OBJC_ISA_USAGE = YES_ERROR;
				CLANG_WARN_DOCUMENTATION_COMMENTS = YES;
				CLANG_WARN_EMPTY_BODY = YES;
				CLANG_WARN_ENUM_CONVERSION = YES;
				CLANG_WARN_INFINITE_RECURSION = YES;
				CLANG_WARN_INT_CONVERSION = YES;
				CLANG_WARN_NON_LITERAL_NULL_CONVERSION = YES;
				CLANG_WARN_OBJC_IMPLICIT_RETAIN_SELF = YES;
				CLANG_WARN_OBJC_LITERAL_CONVERSION = YES;
				CLANG_WARN_OBJC_ROOT_CLASS = YES_ERROR;
				CLANG_WARN_QUOTED_INCLUDE_IN_FRAMEWORK_HEADER = YES;
				CLANG_WARN_RANGE_LOOP_ANALYSIS = YES;
				CLANG_WARN_STRICT_PROTOTYPES = YES;
				CLANG_WARN_SUSPICIOUS_MOVE = YES;
				CLANG_WARN_UNGUARDED_AVAILABILITY = YES_AGGRESSIVE;
				CLANG_WARN_UNREACHABLE_CODE = YES;
				CLANG_WARN__DUPLICATE_METHOD_MATCH = YES;
				COPY_PHASE_STRIP = NO;
				DEBUG_INFORMATION_FORMAT = "dwarf-with-dsym";
				ENABLE_NS_ASSERTIONS = NO;
				ENABLE_STRICT_OBJC_MSGSEND = YES;
				GCC_C_LANGUAGE_STANDARD = gnu11;
				GCC_NO_COMMON_BLOCKS = YES;
				GCC_WARN_64_TO_32_BIT_CONVERSION = YES;
				GCC_WARN_ABOUT_RETURN_TYPE = YES_ERROR;
				GCC_WARN_UNDECLARED_SELECTOR = YES;
				GCC_WARN_UNINITIALIZED_AUTOS = YES_AGGRESSIVE;
				GCC_WARN_UNUSED_FUNCTION = YES;
				GCC_WARN_UNUSED_VARIABLE = YES;
				MTL_ENABLE_DEBUG_INFO = NO;
				MTL_FAST_MATH = YES;
				SWIFT_COMPILATION_MODE = wholemodule;
				SWIFT_OPTIMIZATION_LEVEL = "-O";
			};
			name = Staging;
		};
		4E4647B529EEE4D10062147F /* Staging */ = {
			isa = XCBuildConfiguration;
			baseConfigurationReference = 0760C4A36014EDF906435725 /* Pods-App.staging.xcconfig */;
			buildSettings = {
				ASSETCATALOG_COMPILER_APPICON_NAME = AppIconNonp;
				ASSETCATALOG_COMPILER_GLOBAL_ACCENT_COLOR_NAME = AccentColor;
				CODE_SIGN_ENTITLEMENTS = App/AppStaging.entitlements;
				CODE_SIGN_IDENTITY = "Apple Distribution";
				"CODE_SIGN_IDENTITY[sdk=iphoneos*]" = "iPhone Distribution";
				CODE_SIGN_STYLE = Manual;
				CURRENT_PROJECT_VERSION = 90;
				DEVELOPMENT_ASSET_PATHS = "\"App/Preview Content\"";
				DEVELOPMENT_TEAM = AYLY2UUH8J;
				"DEVELOPMENT_TEAM[sdk=iphoneos*]" = ZM286L3HTV;
				"DEVELOPMENT_TEAM[sdk=macosx*]" = AYLY2UUH8J;
				ENABLE_HARDENED_RUNTIME = YES;
				ENABLE_PREVIEWS = YES;
				GENERATE_INFOPLIST_FILE = YES;
				INFOPLIST_FILE = App/Info.plist;
				INFOPLIST_KEY_CFBundleDisplayName = "Crisis Cleanup";
				"INFOPLIST_KEY_CFBundleDisplayName[sdk=*]" = "Crisis Cleanup";
				INFOPLIST_KEY_LSApplicationCategoryType = "public.app-category.lifestyle";
				INFOPLIST_KEY_NSCameraUsageDescription = "Camera access reason";
				INFOPLIST_KEY_NSLocationWhenInUseUsageDescription = "Location access reason";
				"INFOPLIST_KEY_UIApplicationSceneManifest_Generation[sdk=iphoneos*]" = YES;
				"INFOPLIST_KEY_UIApplicationSceneManifest_Generation[sdk=iphonesimulator*]" = YES;
				"INFOPLIST_KEY_UIApplicationSupportsIndirectInputEvents[sdk=iphoneos*]" = YES;
				"INFOPLIST_KEY_UIApplicationSupportsIndirectInputEvents[sdk=iphonesimulator*]" = YES;
				"INFOPLIST_KEY_UILaunchScreen_Generation[sdk=iphoneos*]" = YES;
				"INFOPLIST_KEY_UILaunchScreen_Generation[sdk=iphonesimulator*]" = YES;
				"INFOPLIST_KEY_UIStatusBarStyle[sdk=iphoneos*]" = UIStatusBarStyleDefault;
				"INFOPLIST_KEY_UIStatusBarStyle[sdk=iphonesimulator*]" = UIStatusBarStyleDefault;
				INFOPLIST_KEY_UISupportedInterfaceOrientations_iPad = "UIInterfaceOrientationPortrait UIInterfaceOrientationPortraitUpsideDown UIInterfaceOrientationLandscapeLeft UIInterfaceOrientationLandscapeRight";
				INFOPLIST_KEY_UISupportedInterfaceOrientations_iPhone = "UIInterfaceOrientationPortrait UIInterfaceOrientationLandscapeLeft UIInterfaceOrientationLandscapeRight";
				INFOPLIST_KEY_UIUserInterfaceStyle = Light;
				IPHONEOS_DEPLOYMENT_TARGET = 16.4;
				LD_RUNPATH_SEARCH_PATHS = "@executable_path/Frameworks";
				"LD_RUNPATH_SEARCH_PATHS[sdk=macosx*]" = "@executable_path/../Frameworks";
				MACOSX_DEPLOYMENT_TARGET = 13.0;
				MARKETING_VERSION = 0.9.9;
				PRODUCT_BUNDLE_IDENTIFIER = com.crisiscleanup.stg;
				PRODUCT_NAME = "$(TARGET_NAME)";
				PROVISIONING_PROFILE_SPECIFIER = "";
				"PROVISIONING_PROFILE_SPECIFIER[sdk=iphoneos*]" = "crisis-cleanup-adhoc-dist-staging";
				SDKROOT = auto;
				SUPPORTED_PLATFORMS = "iphoneos iphonesimulator";
				SUPPORTS_MACCATALYST = NO;
				SUPPORTS_MAC_DESIGNED_FOR_IPHONE_IPAD = NO;
				SWIFT_EMIT_LOC_STRINGS = YES;
				SWIFT_VERSION = 5.0;
				TARGETED_DEVICE_FAMILY = "1,2";
			};
			name = Staging;
		};
		4E4647B629EEE4D10062147F /* Staging */ = {
			isa = XCBuildConfiguration;
			buildSettings = {
				ALWAYS_EMBED_SWIFT_STANDARD_LIBRARIES = YES;
				BUNDLE_LOADER = "$(TEST_HOST)";
				CODE_SIGN_STYLE = Automatic;
				CURRENT_PROJECT_VERSION = 1;
				DEVELOPMENT_TEAM = AYLY2UUH8J;
				GENERATE_INFOPLIST_FILE = YES;
				IPHONEOS_DEPLOYMENT_TARGET = 16.4;
				MACOSX_DEPLOYMENT_TARGET = 13.0;
				MARKETING_VERSION = 1.0;
				PRODUCT_BUNDLE_IDENTIFIER = com.crisiscleanup.tests;
				PRODUCT_NAME = "$(TARGET_NAME)";
				SDKROOT = auto;
				SUPPORTED_PLATFORMS = "iphoneos iphonesimulator macosx";
				SWIFT_EMIT_LOC_STRINGS = NO;
				SWIFT_VERSION = 5.0;
				TARGETED_DEVICE_FAMILY = "1,2";
				TEST_HOST = "$(BUILT_PRODUCTS_DIR)/App.app/$(BUNDLE_EXECUTABLE_FOLDER_PATH)/App";
			};
			name = Staging;
		};
		4E4647B729EEE4D10062147F /* Staging */ = {
			isa = XCBuildConfiguration;
			buildSettings = {
				ALWAYS_EMBED_SWIFT_STANDARD_LIBRARIES = YES;
				CODE_SIGN_STYLE = Automatic;
				CURRENT_PROJECT_VERSION = 1;
				DEVELOPMENT_TEAM = AYLY2UUH8J;
				GENERATE_INFOPLIST_FILE = YES;
				IPHONEOS_DEPLOYMENT_TARGET = 16.4;
				MACOSX_DEPLOYMENT_TARGET = 13.0;
				MARKETING_VERSION = 1.0;
				PRODUCT_BUNDLE_IDENTIFIER = com.crisiscleanup.uitests;
				PRODUCT_NAME = "$(TARGET_NAME)";
				SDKROOT = auto;
				SUPPORTED_PLATFORMS = "iphoneos iphonesimulator macosx";
				SWIFT_EMIT_LOC_STRINGS = NO;
				SWIFT_VERSION = 5.0;
				TARGETED_DEVICE_FAMILY = "1,2";
				TEST_TARGET_NAME = App;
			};
			name = Staging;
		};
/* End XCBuildConfiguration section */

/* Begin XCConfigurationList section */
		4E46478129EEE23B0062147F /* Build configuration list for PBXProject "App" */ = {
			isa = XCConfigurationList;
			buildConfigurations = (
				4E4647A929EEE23E0062147F /* Debug */,
				4E4647AA29EEE23E0062147F /* Release */,
				4E2637D12B1E41370064424E /* Release-au */,
				4E4647B429EEE4D10062147F /* Staging */,
			);
			defaultConfigurationIsVisible = 0;
			defaultConfigurationName = Release;
		};
		4E4647AB29EEE23E0062147F /* Build configuration list for PBXNativeTarget "App" */ = {
			isa = XCConfigurationList;
			buildConfigurations = (
				4E4647AC29EEE23E0062147F /* Debug */,
				4E4647AD29EEE23E0062147F /* Release */,
				4E2637D22B1E41370064424E /* Release-au */,
				4E4647B529EEE4D10062147F /* Staging */,
			);
			defaultConfigurationIsVisible = 0;
			defaultConfigurationName = Release;
		};
		4E4647AE29EEE23E0062147F /* Build configuration list for PBXNativeTarget "Tests" */ = {
			isa = XCConfigurationList;
			buildConfigurations = (
				4E4647AF29EEE23E0062147F /* Debug */,
				4E4647B029EEE23E0062147F /* Release */,
				4E2637D32B1E41370064424E /* Release-au */,
				4E4647B629EEE4D10062147F /* Staging */,
			);
			defaultConfigurationIsVisible = 0;
			defaultConfigurationName = Release;
		};
		4E4647B129EEE23E0062147F /* Build configuration list for PBXNativeTarget "UITests" */ = {
			isa = XCConfigurationList;
			buildConfigurations = (
				4E4647B229EEE23E0062147F /* Debug */,
				4E4647B329EEE23E0062147F /* Release */,
				4E2637D42B1E41370064424E /* Release-au */,
				4E4647B729EEE4D10062147F /* Staging */,
			);
			defaultConfigurationIsVisible = 0;
			defaultConfigurationName = Release;
		};
/* End XCConfigurationList section */

/* Begin XCRemoteSwiftPackageReference section */
		4E0CCF012A19889B00EC6906 /* XCRemoteSwiftPackageReference "firebase-ios-sdk" */ = {
			isa = XCRemoteSwiftPackageReference;
			repositoryURL = "https://github.com/firebase/firebase-ios-sdk";
			requirement = {
				kind = upToNextMajorVersion;
				minimumVersion = 10.0.0;
			};
		};
		4EBFB4482A1910A800DA7C84 /* XCRemoteSwiftPackageReference "needle" */ = {
			isa = XCRemoteSwiftPackageReference;
			repositoryURL = "https://github.com/uber/needle.git";
			requirement = {
				kind = upToNextMajorVersion;
				minimumVersion = 0.0.23;
			};
		};
/* End XCRemoteSwiftPackageReference section */

/* Begin XCSwiftPackageProductDependency section */
		4E0CCF022A19889B00EC6906 /* FirebaseCrashlytics */ = {
			isa = XCSwiftPackageProductDependency;
			package = 4E0CCF012A19889B00EC6906 /* XCRemoteSwiftPackageReference "firebase-ios-sdk" */;
			productName = FirebaseCrashlytics;
		};
		4E0CCF042A19889B00EC6906 /* FirebasePerformance */ = {
			isa = XCSwiftPackageProductDependency;
			package = 4E0CCF012A19889B00EC6906 /* XCRemoteSwiftPackageReference "firebase-ios-sdk" */;
			productName = FirebasePerformance;
		};
		4E75623D2A117E140029D5D7 /* CrisisCleanup */ = {
			isa = XCSwiftPackageProductDependency;
			productName = CrisisCleanup;
		};
		4EBFB4492A1910A800DA7C84 /* NeedleFoundation */ = {
			isa = XCSwiftPackageProductDependency;
			package = 4EBFB4482A1910A800DA7C84 /* XCRemoteSwiftPackageReference "needle" */;
			productName = NeedleFoundation;
		};
/* End XCSwiftPackageProductDependency section */
	};
	rootObject = 4E46477E29EEE23B0062147F /* Project object */;
}
